{
  "version": 4,
  "terraform_version": "1.14.5",
  "serial": 96,
  "lineage": "aefe6817-0e7f-3a9c-3458-872026e75563",
  "outputs": {},
  "resources": [
    {
      "mode": "data",
      "type": "azurerm_network_interface",
      "name": "main",
      "provider": "provider[\"registry.terraform.io/hashicorp/azurerm\"]",
      "instances": [
        {
          "schema_version": 0,
          "attributes": {
            "applied_dns_servers": [],
            "dns_servers": [],
            "enable_accelerated_networking": false,
            "enable_ip_forwarding": false,
            "id": "/subscriptions/a8e6bc2f-9b89-4b01-868e-f506d6da6bf8/resourceGroups/tf_group/providers/Microsoft.Network/networkInterfaces/tfvmex-nic",
            "internal_dns_name_label": "",
            "ip_configuration": [
              {
                "application_gateway_backend_address_pools_ids": [],
                "application_security_group_ids": [],
                "gateway_load_balancer_frontend_ip_configuration_id": "",
                "load_balancer_backend_address_pools_ids": [],
                "load_balancer_inbound_nat_rules_ids": [],
                "name": "testconfiguration1",
                "primary": true,
                "private_ip_address": "10.0.2.4",
                "private_ip_address_allocation": "Dynamic",
                "private_ip_address_version": "IPv4",
                "public_ip_address_id": "/subscriptions/a8e6bc2f-9b89-4b01-868e-f506d6da6bf8/resourceGroups/tf_group/providers/Microsoft.Network/publicIPAddresses/tfvmex-PublicIp",
                "subnet_id": "/subscriptions/a8e6bc2f-9b89-4b01-868e-f506d6da6bf8/resourceGroups/tf_group/providers/Microsoft.Network/virtualNetworks/tfvmex-network/subnets/internal"
              }
            ],
            "location": "centralindia",
            "mac_address": "60-45-BD-AA-EE-FC",
            "name": "tfvmex-nic",
            "network_security_group_id": "/subscriptions/a8e6bc2f-9b89-4b01-868e-f506d6da6bf8/resourceGroups/tf_group/providers/Microsoft.Network/networkSecurityGroups/acceptanceTestSecurityGroup1",
            "private_ip_address": "10.0.2.4",
            "private_ip_addresses": [
              "10.0.2.4"
            ],
            "resource_group_name": "tf_group",
            "tags": {},
            "timeouts": null,
            "virtual_machine_id": "/subscriptions/a8e6bc2f-9b89-4b01-868e-f506d6da6bf8/resourceGroups/tf_group/providers/Microsoft.Compute/virtualMachines/tfvmex-vm"
          },
          "sensitive_attributes": [],
          "identity_schema_version": 0
        }
      ]
    },
    {
      "mode": "data",
      "type": "azurerm_resource_group",
      "name": "example",
      "provider": "provider[\"registry.terraform.io/hashicorp/azurerm\"]",
      "instances": [
        {
          "schema_version": 0,
          "attributes": {
            "id": "/subscriptions/a8e6bc2f-9b89-4b01-868e-f506d6da6bf8/resourceGroups/tf_group",
            "location": "centralindia",
            "managed_by": "",
            "name": "tf_group",
            "tags": {},
            "timeouts": null
          },
          "sensitive_attributes": [],
          "identity_schema_version": 0
        }
      ]
    },
    {
      "mode": "data",
      "type": "azurerm_subnet",
      "name": "internal",
      "provider": "provider[\"registry.terraform.io/hashicorp/azurerm\"]",
      "instances": [
        {
          "schema_version": 0,
          "attributes": {
            "address_prefix": "10.0.2.0/24",
            "address_prefixes": [
              "10.0.2.0/24"
            ],
            "enforce_private_link_endpoint_network_policies": false,
            "enforce_private_link_service_network_policies": false,
            "id": "/subscriptions/a8e6bc2f-9b89-4b01-868e-f506d6da6bf8/resourceGroups/tf_group/providers/Microsoft.Network/virtualNetworks/tfvmex-network/subnets/internal",
            "name": "internal",
            "network_security_group_id": "",
            "private_endpoint_network_policies": "Enabled",
            "private_endpoint_network_policies_enabled": true,
            "private_link_service_network_policies_enabled": true,
            "resource_group_name": "tf_group",
            "route_table_id": "",
            "service_endpoints": [],
            "timeouts": null,
            "virtual_network_name": "tfvmex-network"
          },
          "sensitive_attributes": [],
          "identity_schema_version": 0
        }
      ]
    },
    {
      "mode": "data",
      "type": "azurerm_virtual_machine",
      "name": "main",
      "provider": "provider[\"registry.terraform.io/hashicorp/azurerm\"]",
      "instances": [
        {
          "schema_version": 0,
          "attributes": {
            "id": "/subscriptions/a8e6bc2f-9b89-4b01-868e-f506d6da6bf8/resourceGroups/tf_group/providers/Microsoft.Compute/virtualMachines/tfvmex-vm",
            "identity": [],
            "location": "centralindia",
            "name": "tfvmex-vm",
            "power_state": null,
            "private_ip_address": "10.0.2.4",
            "private_ip_addresses": [
              "10.0.2.4"
            ],
            "public_ip_address": "20.198.82.248",
            "public_ip_addresses": [
              "20.198.82.248"
            ],
            "resource_group_name": "tf_group",
            "timeouts": null
          },
          "sensitive_attributes": [],
          "identity_schema_version": 0
        }
      ]
    },
    {
      "mode": "data",
      "type": "azurerm_virtual_network",
      "name": "main",
      "provider": "provider[\"registry.terraform.io/hashicorp/azurerm\"]",
      "instances": [
        {
          "schema_version": 0,
          "attributes": {
            "address_space": [
              "10.0.0.0/16"
            ],
            "dns_servers": [],
            "guid": "ae1a6a13-cf96-4f05-b889-7a9b1c7a92da",
            "id": "/subscriptions/a8e6bc2f-9b89-4b01-868e-f506d6da6bf8/resourceGroups/tf_group/providers/Microsoft.Network/virtualNetworks/tfvmex-network",
            "location": "centralindia",
            "name": "tfvmex-network",
            "resource_group_name": "tf_group",
            "subnets": [
              "internal"
            ],
            "tags": {},
            "timeouts": null,
            "vnet_peerings": {},
            "vnet_peerings_addresses": []
          },
          "sensitive_attributes": [],
          "identity_schema_version": 0
        }
      ]
    },
    {
      "mode": "managed",
      "type": "azurerm_network_interface_security_group_association",
      "name": "example",
      "provider": "provider[\"registry.terraform.io/hashicorp/azurerm\"]",
      "instances": [
        {
          "schema_version": 0,
          "attributes": {
            "id": "/subscriptions/a8e6bc2f-9b89-4b01-868e-f506d6da6bf8/resourceGroups/tf_group/providers/Microsoft.Network/networkInterfaces/tfvmex-nic|/subscriptions/a8e6bc2f-9b89-4b01-868e-f506d6da6bf8/resourceGroups/tf_group/providers/Microsoft.Network/networkSecurityGroups/acceptanceTestSecurityGroup1",
            "network_interface_id": "/subscriptions/a8e6bc2f-9b89-4b01-868e-f506d6da6bf8/resourceGroups/tf_group/providers/Microsoft.Network/networkInterfaces/tfvmex-nic",
            "network_security_group_id": "/subscriptions/a8e6bc2f-9b89-4b01-868e-f506d6da6bf8/resourceGroups/tf_group/providers/Microsoft.Network/networkSecurityGroups/acceptanceTestSecurityGroup1",
            "timeouts": null
          },
          "sensitive_attributes": [],
          "identity_schema_version": 0,
          "private": "eyJlMmJmYjczMC1lY2FhLTExZTYtOGY4OC0zNDM2M2JjN2M0YzAiOnsiY3JlYXRlIjoxODAwMDAwMDAwMDAwLCJkZWxldGUiOjE4MDAwMDAwMDAwMDAsInJlYWQiOjMwMDAwMDAwMDAwMH19",
          "dependencies": [
            "azurerm_network_security_group.example",
            "data.azurerm_network_interface.main",
            "data.azurerm_resource_group.example"
          ]
        }
      ]
    },
    {
      "mode": "managed",
      "type": "azurerm_network_security_group",
      "name": "example",
      "provider": "provider[\"registry.terraform.io/hashicorp/azurerm\"]",
      "instances": [
        {
          "schema_version": 0,
          "attributes": {
            "id": "/subscriptions/a8e6bc2f-9b89-4b01-868e-f506d6da6bf8/resourceGroups/tf_group/providers/Microsoft.Network/networkSecurityGroups/acceptanceTestSecurityGroup1",
            "location": "centralindia",
            "name": "acceptanceTestSecurityGroup1",
            "resource_group_name": "tf_group",
            "security_rule": [
              {
                "access": "Allow",
                "description": "",
                "destination_address_prefix": "*",
                "destination_address_prefixes": [],
                "destination_application_security_group_ids": [],
                "destination_port_range": "",
                "destination_port_ranges": [
                  "22",
                  "80"
                ],
                "direction": "Inbound",
                "name": "test123",
                "priority": 100,
                "protocol": "Tcp",
                "source_address_prefix": "*",
                "source_address_prefixes": [],
                "source_application_security_group_ids": [],
                "source_port_range": "",
                "source_port_ranges": [
                  "22",
                  "80"
                ]
              }
            ],
            "tags": {},
            "timeouts": null
          },
          "sensitive_attributes": [],
          "identity_schema_version": 0,
          "private": "eyJlMmJmYjczMC1lY2FhLTExZTYtOGY4OC0zNDM2M2JjN2M0YzAiOnsiY3JlYXRlIjoxODAwMDAwMDAwMDAwLCJkZWxldGUiOjE4MDAwMDAwMDAwMDAsInJlYWQiOjMwMDAwMDAwMDAwMCwidXBkYXRlIjoxODAwMDAwMDAwMDAwfX0=",
          "dependencies": [
            "data.azurerm_resource_group.example"
          ]
        }
      ]
    },
    {
      "mode": "managed",
      "type": "azurerm_public_ip",
      "name": "example",
      "provider": "provider[\"registry.terraform.io/hashicorp/azurerm\"]",
      "instances": [
        {
          "schema_version": 0,
          "attributes": {
            "allocation_method": "Static",
            "ddos_protection_mode": "VirtualNetworkInherited",
            "ddos_protection_plan_id": null,
            "domain_name_label": null,
            "edge_zone": "",
            "fqdn": null,
            "id": "/subscriptions/a8e6bc2f-9b89-4b01-868e-f506d6da6bf8/resourceGroups/tf_group/providers/Microsoft.Network/publicIPAddresses/tfvmex-PublicIp",
            "idle_timeout_in_minutes": 4,
            "ip_address": "20.198.82.248",
            "ip_tags": {},
            "ip_version": "IPv4",
            "location": "centralindia",
            "name": "tfvmex-PublicIp",
            "public_ip_prefix_id": null,
            "resource_group_name": "tf_group",
            "reverse_fqdn": null,
            "sku": "Standard",
            "sku_tier": "Regional",
            "tags": {},
            "timeouts": null,
            "zones": []
          },
          "sensitive_attributes": [],
          "identity_schema_version": 0,
          "private": "eyJlMmJmYjczMC1lY2FhLTExZTYtOGY4OC0zNDM2M2JjN2M0YzAiOnsiY3JlYXRlIjoxODAwMDAwMDAwMDAwLCJkZWxldGUiOjE4MDAwMDAwMDAwMDAsInJlYWQiOjMwMDAwMDAwMDAwMCwidXBkYXRlIjoxODAwMDAwMDAwMDAwfX0=",
          "dependencies": [
            "data.azurerm_resource_group.example"
          ]
        }
      ]
    },
    {
      "mode": "managed",
      "type": "null_resource",
      "name": "configue_vm",
      "provider": "provider[\"registry.terraform.io/hashicorp/null\"]",
      "instances": [
        {
          "status": "tainted",
          "schema_version": 0,
          "attributes": {
            "id": "3800847632863084356",
            "triggers": {
              "vm_id": "/subscriptions/a8e6bc2f-9b89-4b01-868e-f506d6da6bf8/resourceGroups/tf_group/providers/Microsoft.Compute/virtualMachines/tfvmex-vm"
            }
          },
          "sensitive_attributes": [],
          "identity_schema_version": 0,
          "dependencies": [
            "azurerm_public_ip.example",
            "data.azurerm_resource_group.example",
            "data.azurerm_virtual_machine.main"
          ]
        }
      ]
    }
  ],
  "check_results": null
}
